
Microsoft Visual Studio Solution File, Format Version 12.00
# Visual Studio Version 16
VisualStudioVersion = 16.0.29920.165
MinimumVisualStudioVersion = 10.0.40219.1
Project("{FAE04EC0-301F-11D3-BF4B-00C04F79EFBC}") = "Exercise1", "Exercise1\Exercise1.csproj", "{90933143-24F3-469B-BF69-9295CCD64DA4}"
EndProject
Global
	GlobalSection(SolutionConfigurationPlatforms) = preSolution
		Debug|Any CPU = Debug|Any CPU
		Release|Any CPU = Release|Any CPU
	EndGlobalSection
	GlobalSection(ProjectConfigurationPlatforms) = postSolution
		{90933143-24F3-469B-BF69-9295CCD64DA4}.Debug|Any CPU.ActiveCfg = Debug|Any CPU
		{90933143-24F3-469B-BF69-9295CCD64DA4}.Debug|Any CPU.Build.0 = Debug|Any CPU
		{90933143-24F3-469B-BF69-9295CCD64DA4}.Release|Any CPU.ActiveCfg = Release|Any CPU
		{90933143-24F3-469B-BF69-9295CCD64DA4}.Release|Any CPU.Build.0 = Release|Any CPU
	EndGlobalSection
	GlobalSection(SolutionProperties) = preSolution
		HideSolutionNode = FALSE
	EndGlobalSection
	GlobalSection(ExtensibilityGlobals) = postSolution
		SolutionGuid = {7FE7F34E-D3E1-4EC3-8A76-27C388308A50}
	EndGlobalSection
EndGlobal
